PODS:
  - Alamofire (4.0.1)
  - DZNEmptyDataSet (1.8.1)
  - Kingfisher (3.1.3)
  - Nimble (5.0.0)
  - Quick (0.10.0)
  - Realm (2.0.2):
    - Realm/Headers (= 2.0.2)
  - Realm/Headers (2.0.2)
  - RealmSwift (2.0.2):
    - Realm (= 2.0.2)
  - RxCocoa (3.0.0-beta.2):
    - RxSwift (~> 3.0.0-beta.2)
  - RxSwift (3.0.0-beta.2)
  - SnapKit (3.0.2)
  - SVProgressHUD (2.0.3)
  - SwiftyJSON (3.1.1)

DEPENDENCIES:
  - Alamofire (~> 4.0)
  - DZNEmptyDataSet (~> 1.8)
  - Kingfisher (~> 3.0)
  - Nimble (~> 5.0)
  - Quick
  - RealmSwift (~> 2.0)
  - RxCocoa (= 3.0.0-beta.2)
  - RxSwift (= 3.0.0-beta.2)
  - SnapKit (~> 3.0)
  - SVProgressHUD (~> 2.0)
  - SwiftyJSON (~> 3.0)

SPEC CHECKSUMS:
  Alamofire: 7682d43245de14874acd142ec137b144aa1dd335
  DZNEmptyDataSet: 9525833b9e68ac21c30253e1d3d7076cc828eaa7
  Kingfisher: 007f5851c18c81e7cc106c9cbac1bafea1cce5dc
  Nimble: 56fc9f5020effa2206de22c3dd910f4fb011b92f
  Quick: 5d290df1c69d5ee2f0729956dcf0fd9a30447eaa
  Realm: 0f5a194af0b7e6158b83db41b4ee1a00be7ddf1a
  RealmSwift: 0eb5070d851cba7c66e841ca756d83609dc78bc8
  RxCocoa: 1dd105d8a4e18034ccd7bd6d136445363ce67c8e
  RxSwift: 0ea939d7d97cb70657190ffde8dc2a9b455778fc
  SnapKit: 2e456761aa92d4d4067a7a5594c18769d451a8ad
  SVProgressHUD: b0830714205bea1317ea1a2ebc71e5633af334d4
  SwiftyJSON: f0be2e604f83e8405a624e9f891898bf6ed4e019

PODFILE CHECKSUM: 63f72532384b69c851c004e4efc54848a40efc44

COCOAPODS: 1.0.1
