PODS:
  - Alamofire (4.0.0)
  - DZNEmptyDataSet (1.8.1)
  - Kingfisher (3.1.0)
  - Nimble (5.0.0)
  - Quick (0.9.3)
  - SnapKit (3.0.1)
  - SVProgressHUD (2.0.3)
  - SwiftyJSON (3.0.0)

DEPENDENCIES:
  - Alamofire (~> 4.0)
  - DZNEmptyDataSet
  - Kingfisher (~> 3.0)
  - Nimble (~> 5.0)
  - Quick
  - SnapKit (~> 3.0)
  - SVProgressHUD
  - SwiftyJSON (~> 3.0)

SPEC CHECKSUMS:
  Alamofire: fef59f00388f267e52d9b432aa5d93dc97190f14
  DZNEmptyDataSet: 9525833b9e68ac21c30253e1d3d7076cc828eaa7
  Kingfisher: 7779f22e977393e9533a89a9685beb8f679d3767
  Nimble: 56fc9f5020effa2206de22c3dd910f4fb011b92f
  Quick: 13a2a2b19a5d8e3ed4fd0c36ee46597fd77ebf71
  SnapKit: f818b8326d45b4e1c777d0ab27b5c0a3624bfdeb
  SVProgressHUD: b0830714205bea1317ea1a2ebc71e5633af334d4
  SwiftyJSON: f57b2b44bc166617372d1c70773591fe9f0f5fd4

PODFILE CHECKSUM: ea1fed509f117bb93a632390db57ffe5245160e0

COCOAPODS: 1.1.0.rc.1
