// !$*UTF8*$!
{
	archiveVersion = 1;
	classes = {
	};
	objectVersion = 46;
	objects = {

/* Begin PBXBuildFile section */
		63442CED625F361DE4B47D94 /* Pods_MarvelTests.framework in Frameworks */ = {isa = PBXBuildFile; fileRef = 8382822B002485614C4FCCF8 /* Pods_MarvelTests.framework */; };
		920415841D73030B00CA249C /* CharacterModelTests.swift in Sources */ = {isa = PBXBuildFile; fileRef = 920415831D73030B00CA249C /* CharacterModelTests.swift */; };
		9229158E1D9827E900714F2C /* PersistenceManager.swift in Sources */ = {isa = PBXBuildFile; fileRef = 9229158D1D9827E900714F2C /* PersistenceManager.swift */; };
		9231EBC31EB8726A0027BCF1 /* character.json in Resources */ = {isa = PBXBuildFile; fileRef = 9231EBC21EB8726A0027BCF1 /* character.json */; };
		9231EBC51EB8727F0027BCF1 /* MockLoader.swift in Sources */ = {isa = PBXBuildFile; fileRef = 9231EBC41EB8727F0027BCF1 /* MockLoader.swift */; };
		9231EBC81EB878FD0027BCF1 /* Utils.swift in Sources */ = {isa = PBXBuildFile; fileRef = 9231EBC71EB878FD0027BCF1 /* Utils.swift */; };
		9231EBCA1EB87AAB0027BCF1 /* AppAppearance.swift in Sources */ = {isa = PBXBuildFile; fileRef = 9231EBC91EB87AAB0027BCF1 /* AppAppearance.swift */; };
		9231EBCC1EB87B370027BCF1 /* UIColor+Extensions.swift in Sources */ = {isa = PBXBuildFile; fileRef = 9231EBCB1EB87B370027BCF1 /* UIColor+Extensions.swift */; };
		9231EBCE1EB87B540027BCF1 /* AppColors.swift in Sources */ = {isa = PBXBuildFile; fileRef = 9231EBCD1EB87B540027BCF1 /* AppColors.swift */; };
		9231EBD51EB87CFC0027BCF1 /* Scene.swift in Sources */ = {isa = PBXBuildFile; fileRef = 9231EBD01EB87CFC0027BCF1 /* Scene.swift */; };
		9231EBD61EB87CFC0027BCF1 /* Scene+ViewController.swift in Sources */ = {isa = PBXBuildFile; fileRef = 9231EBD11EB87CFC0027BCF1 /* Scene+ViewController.swift */; };
		9231EBD71EB87CFC0027BCF1 /* SceneCoordinator.swift in Sources */ = {isa = PBXBuildFile; fileRef = 9231EBD21EB87CFC0027BCF1 /* SceneCoordinator.swift */; };
		9231EBD81EB87CFC0027BCF1 /* SceneCoordinatorType.swift in Sources */ = {isa = PBXBuildFile; fileRef = 9231EBD31EB87CFC0027BCF1 /* SceneCoordinatorType.swift */; };
		9231EBD91EB87CFC0027BCF1 /* SceneTransitionType.swift in Sources */ = {isa = PBXBuildFile; fileRef = 9231EBD41EB87CFC0027BCF1 /* SceneTransitionType.swift */; };
		9231EBDD1EB893930027BCF1 /* UITableView+Extensions.swift in Sources */ = {isa = PBXBuildFile; fileRef = 9231EBDC1EB893930027BCF1 /* UITableView+Extensions.swift */; };
		9231EBDF1EB893D20027BCF1 /* NSObject+Extensions.swift in Sources */ = {isa = PBXBuildFile; fileRef = 9231EBDE1EB893D20027BCF1 /* NSObject+Extensions.swift */; };
		9231EBE11EB8956D0027BCF1 /* UINavigationController+Rx.swift in Sources */ = {isa = PBXBuildFile; fileRef = 9231EBE01EB8956D0027BCF1 /* UINavigationController+Rx.swift */; };
		9231EBE41EB9C80C0027BCF1 /* CellTableImpl.swift in Sources */ = {isa = PBXBuildFile; fileRef = 9231EBE31EB9C80C0027BCF1 /* CellTableImpl.swift */; };
		9231EBE61EB9CA1F0027BCF1 /* ViewConfiguration.swift in Sources */ = {isa = PBXBuildFile; fileRef = 9231EBE51EB9CA1F0027BCF1 /* ViewConfiguration.swift */; };
		9231EBE81EB9D2C60027BCF1 /* ApiServiceType.swift in Sources */ = {isa = PBXBuildFile; fileRef = 9231EBE71EB9D2C60027BCF1 /* ApiServiceType.swift */; };
		9231EBF11EB9DC330027BCF1 /* PersistenceManagerType.swift in Sources */ = {isa = PBXBuildFile; fileRef = 9231EBF01EB9DC330027BCF1 /* PersistenceManagerType.swift */; };
		9231EBF31EB9EA2B0027BCF1 /* UIView+Extensions.swift in Sources */ = {isa = PBXBuildFile; fileRef = 9231EBF21EB9EA2B0027BCF1 /* UIView+Extensions.swift */; };
		9231EBF51EBA3C8E0027BCF1 /* charactersResponse.json in Resources */ = {isa = PBXBuildFile; fileRef = 9231EBF41EBA3C8E0027BCF1 /* charactersResponse.json */; };
		9232A1341D7D549A0091157D /* CharacterDataSource.swift in Sources */ = {isa = PBXBuildFile; fileRef = 9232A1331D7D549A0091157D /* CharacterDataSource.swift */; };
		9232A1361D7D55010091157D /* CharacterDataType.swift in Sources */ = {isa = PBXBuildFile; fileRef = 9232A1351D7D55010091157D /* CharacterDataType.swift */; };
		9232A1391D7DC8F20091157D /* CharactersTableViewControllerTests.swift in Sources */ = {isa = PBXBuildFile; fileRef = 9232A1381D7DC8F20091157D /* CharactersTableViewControllerTests.swift */; };
		9232A13F1D7EEFBE0091157D /* ThumbnailModelSpec.swift in Sources */ = {isa = PBXBuildFile; fileRef = 9232A13E1D7EEFBE0091157D /* ThumbnailModelSpec.swift */; };
		9232A1421D7F11470091157D /* CharacterDataSourceSpec.swift in Sources */ = {isa = PBXBuildFile; fileRef = 9232A1411D7F11470091157D /* CharacterDataSourceSpec.swift */; };
		9232A1441D7F1C4B0091157D /* CharacterDataSourceTests.swift in Sources */ = {isa = PBXBuildFile; fileRef = 9232A1431D7F1C4B0091157D /* CharacterDataSourceTests.swift */; };
		923654A71D6C392D005095D5 /* AppDelegate.swift in Sources */ = {isa = PBXBuildFile; fileRef = 923654A61D6C392D005095D5 /* AppDelegate.swift */; };
		923654AE1D6C392D005095D5 /* Assets.xcassets in Resources */ = {isa = PBXBuildFile; fileRef = 923654AD1D6C392D005095D5 /* Assets.xcassets */; };
		92E09BCC1D6C53E80079897F /* ApiRouter.swift in Sources */ = {isa = PBXBuildFile; fileRef = 92E09BCB1D6C53E80079897F /* ApiRouter.swift */; };
		92E09BCF1D6C56D10079897F /* NSDate+Extensions.swift in Sources */ = {isa = PBXBuildFile; fileRef = 92E09BCE1D6C56D10079897F /* NSDate+Extensions.swift */; };
		92E09BD11D6C56ED0079897F /* NSString+Extensions.swift in Sources */ = {isa = PBXBuildFile; fileRef = 92E09BD01D6C56ED0079897F /* NSString+Extensions.swift */; };
		92E09BD71D6C59780079897F /* ApiService.swift in Sources */ = {isa = PBXBuildFile; fileRef = 92E09BD61D6C59780079897F /* ApiService.swift */; };
		92E09BDA1D6CA8C30079897F /* CharacterModel.swift in Sources */ = {isa = PBXBuildFile; fileRef = 92E09BD91D6CA8C30079897F /* CharacterModel.swift */; };
		92E09BDC1D6CA9DD0079897F /* ThumbnailModel.swift in Sources */ = {isa = PBXBuildFile; fileRef = 92E09BDB1D6CA9DD0079897F /* ThumbnailModel.swift */; };
		92E09BDE1D6CAC250079897F /* ItemModel.swift in Sources */ = {isa = PBXBuildFile; fileRef = 92E09BDD1D6CAC250079897F /* ItemModel.swift */; };
		92E09BE01D6CAD2D0079897F /* ListModel.swift in Sources */ = {isa = PBXBuildFile; fileRef = 92E09BDF1D6CAD2D0079897F /* ListModel.swift */; };
		92E09BE21D6CB8DB0079897F /* UrlModel.swift in Sources */ = {isa = PBXBuildFile; fileRef = 92E09BE11D6CB8DB0079897F /* UrlModel.swift */; };
		92E09BE41D6DB3FD0079897F /* ListCharacterModel.swift in Sources */ = {isa = PBXBuildFile; fileRef = 92E09BE31D6DB3FD0079897F /* ListCharacterModel.swift */; };
		92E09BE61D6DF0660079897F /* Launch Screen.storyboard in Resources */ = {isa = PBXBuildFile; fileRef = 92E09BE51D6DF0660079897F /* Launch Screen.storyboard */; };
		92E09BE81D6F561E0079897F /* CharacterCell.swift in Sources */ = {isa = PBXBuildFile; fileRef = 92E09BE71D6F561E0079897F /* CharacterCell.swift */; };
		92F04E611EBCE6A8003D550A /* AppConstants.swift in Sources */ = {isa = PBXBuildFile; fileRef = 92F04E601EBCE6A7003D550A /* AppConstants.swift */; };
		92F04E631EBCE6BC003D550A /* CharactersTableViewController.swift in Sources */ = {isa = PBXBuildFile; fileRef = 92F04E621EBCE6BC003D550A /* CharactersTableViewController.swift */; };
		92F04E661EBCE6D2003D550A /* CharactersDataController.swift in Sources */ = {isa = PBXBuildFile; fileRef = 92F04E641EBCE6D2003D550A /* CharactersDataController.swift */; };
		92F04E671EBCE6D2003D550A /* CharactersDataControllerType.swift in Sources */ = {isa = PBXBuildFile; fileRef = 92F04E651EBCE6D2003D550A /* CharactersDataControllerType.swift */; };
		92F04E6B1EBCE6E5003D550A /* DataSource.swift in Sources */ = {isa = PBXBuildFile; fileRef = 92F04E681EBCE6E5003D550A /* DataSource.swift */; };
		92F04E6C1EBCE6E5003D550A /* DataType.swift in Sources */ = {isa = PBXBuildFile; fileRef = 92F04E691EBCE6E5003D550A /* DataType.swift */; };
		92F04E6D1EBCE6E5003D550A /* SourceType.swift in Sources */ = {isa = PBXBuildFile; fileRef = 92F04E6A1EBCE6E5003D550A /* SourceType.swift */; };
		92F04E6F1EBCE70C003D550A /* CharactersViewModel.swift in Sources */ = {isa = PBXBuildFile; fileRef = 92F04E6E1EBCE70C003D550A /* CharactersViewModel.swift */; };
		C2ED09B38FD61212D13A4DC4 /* Pods_Marvel.framework in Frameworks */ = {isa = PBXBuildFile; fileRef = B86C5601BE1CA679038B0C76 /* Pods_Marvel.framework */; };
/* End PBXBuildFile section */

/* Begin PBXContainerItemProxy section */
		9204157E1D7302E000CA249C /* PBXContainerItemProxy */ = {
			isa = PBXContainerItemProxy;
			containerPortal = 9236549B1D6C392D005095D5 /* Project object */;
			proxyType = 1;
			remoteGlobalIDString = 923654A21D6C392D005095D5;
			remoteInfo = Marvel;
		};
/* End PBXContainerItemProxy section */

/* Begin PBXFileReference section */
		1B001209E484A7109A89D546 /* Pods-Marvel.debug.xcconfig */ = {isa = PBXFileReference; includeInIndex = 1; lastKnownFileType = text.xcconfig; name = "Pods-Marvel.debug.xcconfig"; path = "Pods/Target Support Files/Pods-Marvel/Pods-Marvel.debug.xcconfig"; sourceTree = "<group>"; };
		391B14098BAD7182DE9F04C9 /* Pods-MarvelTests.debug.xcconfig */ = {isa = PBXFileReference; includeInIndex = 1; lastKnownFileType = text.xcconfig; name = "Pods-MarvelTests.debug.xcconfig"; path = "Pods/Target Support Files/Pods-MarvelTests/Pods-MarvelTests.debug.xcconfig"; sourceTree = "<group>"; };
		520B53DF6A3AA51F45CFAEFA /* Pods-MarvelTests.release.xcconfig */ = {isa = PBXFileReference; includeInIndex = 1; lastKnownFileType = text.xcconfig; name = "Pods-MarvelTests.release.xcconfig"; path = "Pods/Target Support Files/Pods-MarvelTests/Pods-MarvelTests.release.xcconfig"; sourceTree = "<group>"; };
		8382822B002485614C4FCCF8 /* Pods_MarvelTests.framework */ = {isa = PBXFileReference; explicitFileType = wrapper.framework; includeInIndex = 0; path = Pods_MarvelTests.framework; sourceTree = BUILT_PRODUCTS_DIR; };
		920415791D7302E000CA249C /* MarvelTests.xctest */ = {isa = PBXFileReference; explicitFileType = wrapper.cfbundle; includeInIndex = 0; path = MarvelTests.xctest; sourceTree = BUILT_PRODUCTS_DIR; };
		9204157D1D7302E000CA249C /* Info.plist */ = {isa = PBXFileReference; lastKnownFileType = text.plist.xml; path = Info.plist; sourceTree = "<group>"; };
		920415831D73030B00CA249C /* CharacterModelTests.swift */ = {isa = PBXFileReference; fileEncoding = 4; lastKnownFileType = sourcecode.swift; path = CharacterModelTests.swift; sourceTree = "<group>"; };
		9229158D1D9827E900714F2C /* PersistenceManager.swift */ = {isa = PBXFileReference; fileEncoding = 4; lastKnownFileType = sourcecode.swift; path = PersistenceManager.swift; sourceTree = "<group>"; };
		9231EBC21EB8726A0027BCF1 /* character.json */ = {isa = PBXFileReference; fileEncoding = 4; lastKnownFileType = text.json; path = character.json; sourceTree = "<group>"; };
		9231EBC41EB8727F0027BCF1 /* MockLoader.swift */ = {isa = PBXFileReference; fileEncoding = 4; lastKnownFileType = sourcecode.swift; path = MockLoader.swift; sourceTree = "<group>"; };
		9231EBC71EB878FD0027BCF1 /* Utils.swift */ = {isa = PBXFileReference; fileEncoding = 4; lastKnownFileType = sourcecode.swift; path = Utils.swift; sourceTree = "<group>"; };
		9231EBC91EB87AAB0027BCF1 /* AppAppearance.swift */ = {isa = PBXFileReference; fileEncoding = 4; lastKnownFileType = sourcecode.swift; path = AppAppearance.swift; sourceTree = "<group>"; };
		9231EBCB1EB87B370027BCF1 /* UIColor+Extensions.swift */ = {isa = PBXFileReference; fileEncoding = 4; lastKnownFileType = sourcecode.swift; path = "UIColor+Extensions.swift"; sourceTree = "<group>"; };
		9231EBCD1EB87B540027BCF1 /* AppColors.swift */ = {isa = PBXFileReference; fileEncoding = 4; lastKnownFileType = sourcecode.swift; path = AppColors.swift; sourceTree = "<group>"; };
		9231EBD01EB87CFC0027BCF1 /* Scene.swift */ = {isa = PBXFileReference; fileEncoding = 4; lastKnownFileType = sourcecode.swift; path = Scene.swift; sourceTree = "<group>"; };
		9231EBD11EB87CFC0027BCF1 /* Scene+ViewController.swift */ = {isa = PBXFileReference; fileEncoding = 4; lastKnownFileType = sourcecode.swift; path = "Scene+ViewController.swift"; sourceTree = "<group>"; };
		9231EBD21EB87CFC0027BCF1 /* SceneCoordinator.swift */ = {isa = PBXFileReference; fileEncoding = 4; lastKnownFileType = sourcecode.swift; path = SceneCoordinator.swift; sourceTree = "<group>"; };
		9231EBD31EB87CFC0027BCF1 /* SceneCoordinatorType.swift */ = {isa = PBXFileReference; fileEncoding = 4; lastKnownFileType = sourcecode.swift; path = SceneCoordinatorType.swift; sourceTree = "<group>"; };
		9231EBD41EB87CFC0027BCF1 /* SceneTransitionType.swift */ = {isa = PBXFileReference; fileEncoding = 4; lastKnownFileType = sourcecode.swift; path = SceneTransitionType.swift; sourceTree = "<group>"; };
		9231EBDC1EB893930027BCF1 /* UITableView+Extensions.swift */ = {isa = PBXFileReference; fileEncoding = 4; lastKnownFileType = sourcecode.swift; path = "UITableView+Extensions.swift"; sourceTree = "<group>"; };
		9231EBDE1EB893D20027BCF1 /* NSObject+Extensions.swift */ = {isa = PBXFileReference; fileEncoding = 4; lastKnownFileType = sourcecode.swift; path = "NSObject+Extensions.swift"; sourceTree = "<group>"; };
		9231EBE01EB8956D0027BCF1 /* UINavigationController+Rx.swift */ = {isa = PBXFileReference; fileEncoding = 4; lastKnownFileType = sourcecode.swift; path = "UINavigationController+Rx.swift"; sourceTree = "<group>"; };
		9231EBE31EB9C80C0027BCF1 /* CellTableImpl.swift */ = {isa = PBXFileReference; fileEncoding = 4; lastKnownFileType = sourcecode.swift; path = CellTableImpl.swift; sourceTree = "<group>"; };
		9231EBE51EB9CA1F0027BCF1 /* ViewConfiguration.swift */ = {isa = PBXFileReference; fileEncoding = 4; lastKnownFileType = sourcecode.swift; path = ViewConfiguration.swift; sourceTree = "<group>"; };
		9231EBE71EB9D2C60027BCF1 /* ApiServiceType.swift */ = {isa = PBXFileReference; fileEncoding = 4; lastKnownFileType = sourcecode.swift; path = ApiServiceType.swift; sourceTree = "<group>"; };
		9231EBF01EB9DC330027BCF1 /* PersistenceManagerType.swift */ = {isa = PBXFileReference; fileEncoding = 4; lastKnownFileType = sourcecode.swift; path = PersistenceManagerType.swift; sourceTree = "<group>"; };
		9231EBF21EB9EA2B0027BCF1 /* UIView+Extensions.swift */ = {isa = PBXFileReference; fileEncoding = 4; lastKnownFileType = sourcecode.swift; path = "UIView+Extensions.swift"; sourceTree = "<group>"; };
		9231EBF41EBA3C8E0027BCF1 /* charactersResponse.json */ = {isa = PBXFileReference; fileEncoding = 4; lastKnownFileType = text.json; path = charactersResponse.json; sourceTree = "<group>"; };
		9232A1331D7D549A0091157D /* CharacterDataSource.swift */ = {isa = PBXFileReference; fileEncoding = 4; lastKnownFileType = sourcecode.swift; path = CharacterDataSource.swift; sourceTree = "<group>"; };
		9232A1351D7D55010091157D /* CharacterDataType.swift */ = {isa = PBXFileReference; fileEncoding = 4; lastKnownFileType = sourcecode.swift; path = CharacterDataType.swift; sourceTree = "<group>"; };
		9232A1381D7DC8F20091157D /* CharactersTableViewControllerTests.swift */ = {isa = PBXFileReference; fileEncoding = 4; lastKnownFileType = sourcecode.swift; path = CharactersTableViewControllerTests.swift; sourceTree = "<group>"; };
		9232A13E1D7EEFBE0091157D /* ThumbnailModelSpec.swift */ = {isa = PBXFileReference; fileEncoding = 4; lastKnownFileType = sourcecode.swift; path = ThumbnailModelSpec.swift; sourceTree = "<group>"; };
		9232A1411D7F11470091157D /* CharacterDataSourceSpec.swift */ = {isa = PBXFileReference; fileEncoding = 4; lastKnownFileType = sourcecode.swift; path = CharacterDataSourceSpec.swift; sourceTree = "<group>"; };
		9232A1431D7F1C4B0091157D /* CharacterDataSourceTests.swift */ = {isa = PBXFileReference; fileEncoding = 4; lastKnownFileType = sourcecode.swift; path = CharacterDataSourceTests.swift; sourceTree = "<group>"; };
		923654A31D6C392D005095D5 /* Marvel.app */ = {isa = PBXFileReference; explicitFileType = wrapper.application; includeInIndex = 0; path = Marvel.app; sourceTree = BUILT_PRODUCTS_DIR; };
		923654A61D6C392D005095D5 /* AppDelegate.swift */ = {isa = PBXFileReference; lastKnownFileType = sourcecode.swift; path = AppDelegate.swift; sourceTree = "<group>"; };
		923654AD1D6C392D005095D5 /* Assets.xcassets */ = {isa = PBXFileReference; lastKnownFileType = folder.assetcatalog; path = Assets.xcassets; sourceTree = "<group>"; };
		923654B21D6C392D005095D5 /* Info.plist */ = {isa = PBXFileReference; lastKnownFileType = text.plist.xml; path = Info.plist; sourceTree = "<group>"; };
		92E09BC71D6C4AF30079897F /* Marvel-Bridging-Header.h */ = {isa = PBXFileReference; lastKnownFileType = sourcecode.c.h; name = "Marvel-Bridging-Header.h"; path = "Marvel/Supporting Files/Marvel-Bridging-Header.h"; sourceTree = SOURCE_ROOT; };
		92E09BCB1D6C53E80079897F /* ApiRouter.swift */ = {isa = PBXFileReference; fileEncoding = 4; lastKnownFileType = sourcecode.swift; path = ApiRouter.swift; sourceTree = "<group>"; };
		92E09BCE1D6C56D10079897F /* NSDate+Extensions.swift */ = {isa = PBXFileReference; fileEncoding = 4; lastKnownFileType = sourcecode.swift; path = "NSDate+Extensions.swift"; sourceTree = "<group>"; };
		92E09BD01D6C56ED0079897F /* NSString+Extensions.swift */ = {isa = PBXFileReference; fileEncoding = 4; lastKnownFileType = sourcecode.swift; path = "NSString+Extensions.swift"; sourceTree = "<group>"; };
		92E09BD61D6C59780079897F /* ApiService.swift */ = {isa = PBXFileReference; fileEncoding = 4; lastKnownFileType = sourcecode.swift; path = ApiService.swift; sourceTree = "<group>"; };
		92E09BD91D6CA8C30079897F /* CharacterModel.swift */ = {isa = PBXFileReference; fileEncoding = 4; lastKnownFileType = sourcecode.swift; path = CharacterModel.swift; sourceTree = "<group>"; };
		92E09BDB1D6CA9DD0079897F /* ThumbnailModel.swift */ = {isa = PBXFileReference; fileEncoding = 4; lastKnownFileType = sourcecode.swift; path = ThumbnailModel.swift; sourceTree = "<group>"; };
		92E09BDD1D6CAC250079897F /* ItemModel.swift */ = {isa = PBXFileReference; fileEncoding = 4; lastKnownFileType = sourcecode.swift; path = ItemModel.swift; sourceTree = "<group>"; };
		92E09BDF1D6CAD2D0079897F /* ListModel.swift */ = {isa = PBXFileReference; fileEncoding = 4; lastKnownFileType = sourcecode.swift; path = ListModel.swift; sourceTree = "<group>"; };
		92E09BE11D6CB8DB0079897F /* UrlModel.swift */ = {isa = PBXFileReference; fileEncoding = 4; lastKnownFileType = sourcecode.swift; path = UrlModel.swift; sourceTree = "<group>"; };
		92E09BE31D6DB3FD0079897F /* ListCharacterModel.swift */ = {isa = PBXFileReference; fileEncoding = 4; lastKnownFileType = sourcecode.swift; path = ListCharacterModel.swift; sourceTree = "<group>"; };
		92E09BE51D6DF0660079897F /* Launch Screen.storyboard */ = {isa = PBXFileReference; fileEncoding = 4; lastKnownFileType = file.storyboard; path = "Launch Screen.storyboard"; sourceTree = "<group>"; };
		92E09BE71D6F561E0079897F /* CharacterCell.swift */ = {isa = PBXFileReference; fileEncoding = 4; lastKnownFileType = sourcecode.swift; path = CharacterCell.swift; sourceTree = "<group>"; };
		92F04E601EBCE6A7003D550A /* AppConstants.swift */ = {isa = PBXFileReference; fileEncoding = 4; lastKnownFileType = sourcecode.swift; path = AppConstants.swift; sourceTree = "<group>"; };
		92F04E621EBCE6BC003D550A /* CharactersTableViewController.swift */ = {isa = PBXFileReference; fileEncoding = 4; lastKnownFileType = sourcecode.swift; name = CharactersTableViewController.swift; path = Marvel/Controllers/Characters/CharactersTableViewController.swift; sourceTree = SOURCE_ROOT; };
		92F04E641EBCE6D2003D550A /* CharactersDataController.swift */ = {isa = PBXFileReference; fileEncoding = 4; lastKnownFileType = sourcecode.swift; path = CharactersDataController.swift; sourceTree = "<group>"; };
		92F04E651EBCE6D2003D550A /* CharactersDataControllerType.swift */ = {isa = PBXFileReference; fileEncoding = 4; lastKnownFileType = sourcecode.swift; path = CharactersDataControllerType.swift; sourceTree = "<group>"; };
		92F04E681EBCE6E5003D550A /* DataSource.swift */ = {isa = PBXFileReference; fileEncoding = 4; lastKnownFileType = sourcecode.swift; path = DataSource.swift; sourceTree = "<group>"; };
		92F04E691EBCE6E5003D550A /* DataType.swift */ = {isa = PBXFileReference; fileEncoding = 4; lastKnownFileType = sourcecode.swift; path = DataType.swift; sourceTree = "<group>"; };
		92F04E6A1EBCE6E5003D550A /* SourceType.swift */ = {isa = PBXFileReference; fileEncoding = 4; lastKnownFileType = sourcecode.swift; path = SourceType.swift; sourceTree = "<group>"; };
		92F04E6E1EBCE70C003D550A /* CharactersViewModel.swift */ = {isa = PBXFileReference; fileEncoding = 4; lastKnownFileType = sourcecode.swift; path = CharactersViewModel.swift; sourceTree = "<group>"; };
		B86C5601BE1CA679038B0C76 /* Pods_Marvel.framework */ = {isa = PBXFileReference; explicitFileType = wrapper.framework; includeInIndex = 0; path = Pods_Marvel.framework; sourceTree = BUILT_PRODUCTS_DIR; };
		DBBAE497C85362D6887F4F1C /* Pods-Marvel.release.xcconfig */ = {isa = PBXFileReference; includeInIndex = 1; lastKnownFileType = text.xcconfig; name = "Pods-Marvel.release.xcconfig"; path = "Pods/Target Support Files/Pods-Marvel/Pods-Marvel.release.xcconfig"; sourceTree = "<group>"; };
/* End PBXFileReference section */

/* Begin PBXFrameworksBuildPhase section */
		920415761D7302E000CA249C /* Frameworks */ = {
			isa = PBXFrameworksBuildPhase;
			buildActionMask = 2147483647;
			files = (
				63442CED625F361DE4B47D94 /* Pods_MarvelTests.framework in Frameworks */,
			);
			runOnlyForDeploymentPostprocessing = 0;
		};
		923654A01D6C392D005095D5 /* Frameworks */ = {
			isa = PBXFrameworksBuildPhase;
			buildActionMask = 2147483647;
			files = (
				C2ED09B38FD61212D13A4DC4 /* Pods_Marvel.framework in Frameworks */,
			);
			runOnlyForDeploymentPostprocessing = 0;
		};
/* End PBXFrameworksBuildPhase section */

/* Begin PBXGroup section */
		3D563895AA5C1EA61FC9EB92 /* Frameworks */ = {
			isa = PBXGroup;
			children = (
				B86C5601BE1CA679038B0C76 /* Pods_Marvel.framework */,
				8382822B002485614C4FCCF8 /* Pods_MarvelTests.framework */,
			);
			name = Frameworks;
			sourceTree = "<group>";
		};
		5772D66FB5C2034AE64E7E4E /* Pods */ = {
			isa = PBXGroup;
			children = (
				391B14098BAD7182DE9F04C9 /* Pods-MarvelTests.debug.xcconfig */,
				520B53DF6A3AA51F45CFAEFA /* Pods-MarvelTests.release.xcconfig */,
				1B001209E484A7109A89D546 /* Pods-Marvel.debug.xcconfig */,
				DBBAE497C85362D6887F4F1C /* Pods-Marvel.release.xcconfig */,
			);
			name = Pods;
			sourceTree = "<group>";
		};
		9204157A1D7302E000CA249C /* MarvelTests */ = {
			isa = PBXGroup;
			children = (
				9232A1371D7DC8C30091157D /* Controllers */,
				9232A1401D7F11170091157D /* DataSource */,
				9204157D1D7302E000CA249C /* Info.plist */,
				9231EBC11EB870EB0027BCF1 /* Mock */,
				9232A1261D74131E0091157D /* Models */,
			);
			path = MarvelTests;
			sourceTree = "<group>";
		};
		9229158C1D98279400714F2C /* Persistence */ = {
			isa = PBXGroup;
			children = (
				9229158D1D9827E900714F2C /* PersistenceManager.swift */,
				9231EBF01EB9DC330027BCF1 /* PersistenceManagerType.swift */,
			);
			path = Persistence;
			sourceTree = "<group>";
		};
		9231EBC11EB870EB0027BCF1 /* Mock */ = {
			isa = PBXGroup;
			children = (
				9232A13A1D7EBBF10091157D /* json */,
				9231EBC41EB8727F0027BCF1 /* MockLoader.swift */,
			);
			path = Mock;
			sourceTree = "<group>";
		};
		9231EBC61EB878E00027BCF1 /* Helpers */ = {
			isa = PBXGroup;
			children = (
				9231EBC71EB878FD0027BCF1 /* Utils.swift */,
				9231EBC91EB87AAB0027BCF1 /* AppAppearance.swift */,
				9231EBCD1EB87B540027BCF1 /* AppColors.swift */,
			);
			path = Helpers;
			sourceTree = "<group>";
		};
		9231EBCF1EB87CBC0027BCF1 /* Scene */ = {
			isa = PBXGroup;
			children = (
				9231EBD01EB87CFC0027BCF1 /* Scene.swift */,
				9231EBD11EB87CFC0027BCF1 /* Scene+ViewController.swift */,
				9231EBD21EB87CFC0027BCF1 /* SceneCoordinator.swift */,
				9231EBD31EB87CFC0027BCF1 /* SceneCoordinatorType.swift */,
				9231EBD41EB87CFC0027BCF1 /* SceneTransitionType.swift */,
			);
			path = Scene;
			sourceTree = "<group>";
		};
		9231EBE21EB9C79A0027BCF1 /* Protocols */ = {
			isa = PBXGroup;
			children = (
				9231EBE31EB9C80C0027BCF1 /* CellTableImpl.swift */,
				9231EBE51EB9CA1F0027BCF1 /* ViewConfiguration.swift */,
			);
			path = Protocols;
			sourceTree = "<group>";
		};
		9231EBED1EB9D4E70027BCF1 /* DataController */ = {
			isa = PBXGroup;
			children = (
				92F04E5A1EBCE473003D550A /* Characters */,
			);
			name = DataController;
			path = DataControllers;
			sourceTree = "<group>";
		};
		9232A1261D74131E0091157D /* Models */ = {
			isa = PBXGroup;
			children = (
				920415831D73030B00CA249C /* CharacterModelTests.swift */,
				9232A13E1D7EEFBE0091157D /* ThumbnailModelSpec.swift */,
			);
			path = Models;
			sourceTree = "<group>";
		};
		9232A1281D741E510091157D /* Resources */ = {
			isa = PBXGroup;
			children = (
				923654AD1D6C392D005095D5 /* Assets.xcassets */,
			);
			path = Resources;
			sourceTree = "<group>";
		};
		9232A1291D741EAA0091157D /* Supporting Files */ = {
			isa = PBXGroup;
			children = (
				923654B21D6C392D005095D5 /* Info.plist */,
				92E09BC71D6C4AF30079897F /* Marvel-Bridging-Header.h */,
			);
			path = "Supporting Files";
			sourceTree = "<group>";
		};
		9232A12A1D741EF50091157D /* Storyboards */ = {
			isa = PBXGroup;
			children = (
				92E09BE51D6DF0660079897F /* Launch Screen.storyboard */,
			);
			name = Storyboards;
			path = StoryBoards;
			sourceTree = "<group>";
		};
		9232A12B1D7D523D0091157D /* DataSource */ = {
			isa = PBXGroup;
			children = (
				92F04E5D1EBCE524003D550A /* Characters */,
				92F04E561EBCE2DD003D550A /* Generic */,
			);
			path = DataSource;
			sourceTree = "<group>";
		};
		9232A1371D7DC8C30091157D /* Controllers */ = {
			isa = PBXGroup;
			children = (
				9232A1381D7DC8F20091157D /* CharactersTableViewControllerTests.swift */,
			);
			path = Controllers;
			sourceTree = "<group>";
		};
		9232A13A1D7EBBF10091157D /* json */ = {
			isa = PBXGroup;
			children = (
				9231EBF41EBA3C8E0027BCF1 /* charactersResponse.json */,
				9231EBC21EB8726A0027BCF1 /* character.json */,
			);
			path = json;
			sourceTree = "<group>";
		};
		9232A1401D7F11170091157D /* DataSource */ = {
			isa = PBXGroup;
			children = (
				9232A1411D7F11470091157D /* CharacterDataSourceSpec.swift */,
				9232A1431D7F1C4B0091157D /* CharacterDataSourceTests.swift */,
			);
			path = DataSource;
			sourceTree = "<group>";
		};
		9236549A1D6C392D005095D5 = {
			isa = PBXGroup;
			children = (
				923654A51D6C392D005095D5 /* Marvel */,
				9204157A1D7302E000CA249C /* MarvelTests */,
				923654A41D6C392D005095D5 /* Products */,
				5772D66FB5C2034AE64E7E4E /* Pods */,
				3D563895AA5C1EA61FC9EB92 /* Frameworks */,
			);
			sourceTree = "<group>";
		};
		923654A41D6C392D005095D5 /* Products */ = {
			isa = PBXGroup;
			children = (
				923654A31D6C392D005095D5 /* Marvel.app */,
				920415791D7302E000CA249C /* MarvelTests.xctest */,
			);
			name = Products;
			sourceTree = "<group>";
		};
		923654A51D6C392D005095D5 /* Marvel */ = {
			isa = PBXGroup;
			children = (
				92E09BCA1D6C539C0079897F /* API */,
				92F04E551EBCE288003D550A /* AppDelegate */,
				92F04E5E1EBCE583003D550A /* Cells */,
				92F04E571EBCE311003D550A /* Constants */,
				92F04E581EBCE3DB003D550A /* Controllers */,
				9231EBED1EB9D4E70027BCF1 /* DataController */,
				9232A12B1D7D523D0091157D /* DataSource */,
				92E09BCD1D6C567D0079897F /* Extensions */,
				9231EBC61EB878E00027BCF1 /* Helpers */,
				92E09BD81D6CA8A50079897F /* Model */,
				9229158C1D98279400714F2C /* Persistence */,
				9231EBE21EB9C79A0027BCF1 /* Protocols */,
				9232A1281D741E510091157D /* Resources */,
				9231EBCF1EB87CBC0027BCF1 /* Scene */,
				9232A12A1D741EF50091157D /* Storyboards */,
				9232A1291D741EAA0091157D /* Supporting Files */,
				92F04E591EBCE3E9003D550A /* ViewModels */,
			);
			path = Marvel;
			sourceTree = "<group>";
		};
		92E09BCA1D6C539C0079897F /* API */ = {
			isa = PBXGroup;
			children = (
				92E09BD61D6C59780079897F /* ApiService.swift */,
				92E09BCB1D6C53E80079897F /* ApiRouter.swift */,
				9231EBE71EB9D2C60027BCF1 /* ApiServiceType.swift */,
			);
			path = API;
			sourceTree = "<group>";
		};
		92E09BCD1D6C567D0079897F /* Extensions */ = {
			isa = PBXGroup;
			children = (
				92E09BCE1D6C56D10079897F /* NSDate+Extensions.swift */,
				9231EBDE1EB893D20027BCF1 /* NSObject+Extensions.swift */,
				92E09BD01D6C56ED0079897F /* NSString+Extensions.swift */,
				9231EBCB1EB87B370027BCF1 /* UIColor+Extensions.swift */,
				9231EBE01EB8956D0027BCF1 /* UINavigationController+Rx.swift */,
				9231EBDC1EB893930027BCF1 /* UITableView+Extensions.swift */,
				9231EBF21EB9EA2B0027BCF1 /* UIView+Extensions.swift */,
			);
			path = Extensions;
			sourceTree = "<group>";
		};
		92E09BD81D6CA8A50079897F /* Model */ = {
			isa = PBXGroup;
			children = (
				92E09BD91D6CA8C30079897F /* CharacterModel.swift */,
				92E09BDD1D6CAC250079897F /* ItemModel.swift */,
				92E09BE31D6DB3FD0079897F /* ListCharacterModel.swift */,
				92E09BDF1D6CAD2D0079897F /* ListModel.swift */,
				92E09BDB1D6CA9DD0079897F /* ThumbnailModel.swift */,
				92E09BE11D6CB8DB0079897F /* UrlModel.swift */,
			);
			path = Model;
			sourceTree = "<group>";
		};
		92F04E551EBCE288003D550A /* AppDelegate */ = {
			isa = PBXGroup;
			children = (
				923654A61D6C392D005095D5 /* AppDelegate.swift */,
			);
			path = AppDelegate;
			sourceTree = "<group>";
		};
		92F04E561EBCE2DD003D550A /* Generic */ = {
			isa = PBXGroup;
			children = (
				92F04E681EBCE6E5003D550A /* DataSource.swift */,
				92F04E691EBCE6E5003D550A /* DataType.swift */,
				92F04E6A1EBCE6E5003D550A /* SourceType.swift */,
			);
			path = Generic;
			sourceTree = "<group>";
		};
		92F04E571EBCE311003D550A /* Constants */ = {
			isa = PBXGroup;
			children = (
				92F04E601EBCE6A7003D550A /* AppConstants.swift */,
			);
			path = Constants;
			sourceTree = "<group>";
		};
		92F04E581EBCE3DB003D550A /* Controllers */ = {
			isa = PBXGroup;
			children = (
				92F04E5B1EBCE48E003D550A /* Characters */,
			);
			path = Controllers;
			sourceTree = "<group>";
		};
		92F04E591EBCE3E9003D550A /* ViewModels */ = {
			isa = PBXGroup;
			children = (
				92F04E5C1EBCE4A6003D550A /* Characters */,
			);
			path = ViewModels;
			sourceTree = "<group>";
		};
		92F04E5A1EBCE473003D550A /* Characters */ = {
			isa = PBXGroup;
			children = (
				92F04E641EBCE6D2003D550A /* CharactersDataController.swift */,
				92F04E651EBCE6D2003D550A /* CharactersDataControllerType.swift */,
			);
			path = Characters;
			sourceTree = "<group>";
		};
		92F04E5B1EBCE48E003D550A /* Characters */ = {
			isa = PBXGroup;
			children = (
				92F04E621EBCE6BC003D550A /* CharactersTableViewController.swift */,
			);
			name = Characters;
			path = Characters/Characters;
			sourceTree = "<group>";
		};
		92F04E5C1EBCE4A6003D550A /* Characters */ = {
			isa = PBXGroup;
			children = (
				92F04E6E1EBCE70C003D550A /* CharactersViewModel.swift */,
			);
			path = Characters;
			sourceTree = "<group>";
		};
		92F04E5D1EBCE524003D550A /* Characters */ = {
			isa = PBXGroup;
			children = (
				9232A1331D7D549A0091157D /* CharacterDataSource.swift */,
				9232A1351D7D55010091157D /* CharacterDataType.swift */,
			);
			path = Characters;
			sourceTree = "<group>";
		};
		92F04E5E1EBCE583003D550A /* Cells */ = {
			isa = PBXGroup;
			children = (
				92F04E5F1EBCE591003D550A /* Characters */,
			);
			path = Cells;
			sourceTree = "<group>";
		};
		92F04E5F1EBCE591003D550A /* Characters */ = {
			isa = PBXGroup;
			children = (
				92E09BE71D6F561E0079897F /* CharacterCell.swift */,
			);
			path = Characters;
			sourceTree = "<group>";
		};
/* End PBXGroup section */

/* Begin PBXNativeTarget section */
		920415781D7302E000CA249C /* MarvelTests */ = {
			isa = PBXNativeTarget;
			buildConfigurationList = 920415821D7302E000CA249C /* Build configuration list for PBXNativeTarget "MarvelTests" */;
			buildPhases = (
				0BF1C40D18C6B1000AD20AC5 /* [CP] Check Pods Manifest.lock */,
				920415751D7302E000CA249C /* Sources */,
				920415761D7302E000CA249C /* Frameworks */,
				920415771D7302E000CA249C /* Resources */,
				C404F618A077458D77BA73E5 /* [CP] Embed Pods Frameworks */,
				3B59E8DB6BB20D4464000C82 /* [CP] Copy Pods Resources */,
			);
			buildRules = (
			);
			dependencies = (
				9204157F1D7302E000CA249C /* PBXTargetDependency */,
			);
			name = MarvelTests;
			productName = MarvelTests;
			productReference = 920415791D7302E000CA249C /* MarvelTests.xctest */;
			productType = "com.apple.product-type.bundle.unit-test";
		};
		923654A21D6C392D005095D5 /* Marvel */ = {
			isa = PBXNativeTarget;
			buildConfigurationList = 923654B51D6C392D005095D5 /* Build configuration list for PBXNativeTarget "Marvel" */;
			buildPhases = (
				C3D08A8FA4C7AFAE251FC31D /* [CP] Check Pods Manifest.lock */,
				9236549F1D6C392D005095D5 /* Sources */,
				923654A01D6C392D005095D5 /* Frameworks */,
				923654A11D6C392D005095D5 /* Resources */,
				A921CC49BF7C072CD01A35C2 /* [CP] Embed Pods Frameworks */,
				F91BA35A1A364886156D364A /* [CP] Copy Pods Resources */,
			);
			buildRules = (
			);
			dependencies = (
			);
			name = Marvel;
			productName = Marvel;
			productReference = 923654A31D6C392D005095D5 /* Marvel.app */;
			productType = "com.apple.product-type.application";
		};
/* End PBXNativeTarget section */

/* Begin PBXProject section */
		9236549B1D6C392D005095D5 /* Project object */ = {
			isa = PBXProject;
			attributes = {
				LastSwiftUpdateCheck = 0730;
				LastUpgradeCheck = 0830;
				ORGANIZATIONNAME = AlbertArroyo;
				TargetAttributes = {
					920415781D7302E000CA249C = {
						CreatedOnToolsVersion = 7.3.1;
						LastSwiftMigration = 0800;
						ProvisioningStyle = Manual;
						TestTargetID = 923654A21D6C392D005095D5;
					};
					923654A21D6C392D005095D5 = {
						CreatedOnToolsVersion = 8.0;
						LastSwiftMigration = 0800;
						ProvisioningStyle = Manual;
					};
				};
			};
			buildConfigurationList = 9236549E1D6C392D005095D5 /* Build configuration list for PBXProject "Marvel" */;
			compatibilityVersion = "Xcode 3.2";
			developmentRegion = English;
			hasScannedForEncodings = 0;
			knownRegions = (
				en,
				Base,
			);
			mainGroup = 9236549A1D6C392D005095D5;
			productRefGroup = 923654A41D6C392D005095D5 /* Products */;
			projectDirPath = "";
			projectRoot = "";
			targets = (
				923654A21D6C392D005095D5 /* Marvel */,
				920415781D7302E000CA249C /* MarvelTests */,
			);
		};
/* End PBXProject section */

/* Begin PBXResourcesBuildPhase section */
		920415771D7302E000CA249C /* Resources */ = {
			isa = PBXResourcesBuildPhase;
			buildActionMask = 2147483647;
			files = (
				9231EBF51EBA3C8E0027BCF1 /* charactersResponse.json in Resources */,
				9231EBC31EB8726A0027BCF1 /* character.json in Resources */,
			);
			runOnlyForDeploymentPostprocessing = 0;
		};
		923654A11D6C392D005095D5 /* Resources */ = {
			isa = PBXResourcesBuildPhase;
			buildActionMask = 2147483647;
			files = (
				92E09BE61D6DF0660079897F /* Launch Screen.storyboard in Resources */,
				923654AE1D6C392D005095D5 /* Assets.xcassets in Resources */,
			);
			runOnlyForDeploymentPostprocessing = 0;
		};
/* End PBXResourcesBuildPhase section */

/* Begin PBXShellScriptBuildPhase section */
		0BF1C40D18C6B1000AD20AC5 /* [CP] Check Pods Manifest.lock */ = {
			isa = PBXShellScriptBuildPhase;
			buildActionMask = 2147483647;
			files = (
			);
			inputPaths = (
			);
			name = "[CP] Check Pods Manifest.lock";
			outputPaths = (
			);
			runOnlyForDeploymentPostprocessing = 0;
			shellPath = /bin/sh;
			shellScript = "diff \"${PODS_PODFILE_DIR_PATH}/Podfile.lock\" \"${PODS_ROOT}/Manifest.lock\" > /dev/null\nif [ $? != 0 ] ; then\n    # print error to STDERR\n    echo \"error: The sandbox is not in sync with the Podfile.lock. Run 'pod install' or update your CocoaPods installation.\" >&2\n    exit 1\nfi\n";
			showEnvVarsInLog = 0;
		};
		3B59E8DB6BB20D4464000C82 /* [CP] Copy Pods Resources */ = {
			isa = PBXShellScriptBuildPhase;
			buildActionMask = 2147483647;
			files = (
			);
			inputPaths = (
			);
			name = "[CP] Copy Pods Resources";
			outputPaths = (
			);
			runOnlyForDeploymentPostprocessing = 0;
			shellPath = /bin/sh;
			shellScript = "\"${SRCROOT}/Pods/Target Support Files/Pods-MarvelTests/Pods-MarvelTests-resources.sh\"\n";
			showEnvVarsInLog = 0;
		};
		A921CC49BF7C072CD01A35C2 /* [CP] Embed Pods Frameworks */ = {
			isa = PBXShellScriptBuildPhase;
			buildActionMask = 2147483647;
			files = (
			);
			inputPaths = (
			);
			name = "[CP] Embed Pods Frameworks";
			outputPaths = (
			);
			runOnlyForDeploymentPostprocessing = 0;
			shellPath = /bin/sh;
			shellScript = "\"${SRCROOT}/Pods/Target Support Files/Pods-Marvel/Pods-Marvel-frameworks.sh\"\n";
			showEnvVarsInLog = 0;
		};
		C3D08A8FA4C7AFAE251FC31D /* [CP] Check Pods Manifest.lock */ = {
			isa = PBXShellScriptBuildPhase;
			buildActionMask = 2147483647;
			files = (
			);
			inputPaths = (
			);
			name = "[CP] Check Pods Manifest.lock";
			outputPaths = (
			);
			runOnlyForDeploymentPostprocessing = 0;
			shellPath = /bin/sh;
			shellScript = "diff \"${PODS_PODFILE_DIR_PATH}/Podfile.lock\" \"${PODS_ROOT}/Manifest.lock\" > /dev/null\nif [ $? != 0 ] ; then\n    # print error to STDERR\n    echo \"error: The sandbox is not in sync with the Podfile.lock. Run 'pod install' or update your CocoaPods installation.\" >&2\n    exit 1\nfi\n";
			showEnvVarsInLog = 0;
		};
		C404F618A077458D77BA73E5 /* [CP] Embed Pods Frameworks */ = {
			isa = PBXShellScriptBuildPhase;
			buildActionMask = 2147483647;
			files = (
			);
			inputPaths = (
			);
			name = "[CP] Embed Pods Frameworks";
			outputPaths = (
			);
			runOnlyForDeploymentPostprocessing = 0;
			shellPath = /bin/sh;
			shellScript = "\"${SRCROOT}/Pods/Target Support Files/Pods-MarvelTests/Pods-MarvelTests-frameworks.sh\"\n";
			showEnvVarsInLog = 0;
		};
		F91BA35A1A364886156D364A /* [CP] Copy Pods Resources */ = {
			isa = PBXShellScriptBuildPhase;
			buildActionMask = 2147483647;
			files = (
			);
			inputPaths = (
			);
			name = "[CP] Copy Pods Resources";
			outputPaths = (
			);
			runOnlyForDeploymentPostprocessing = 0;
			shellPath = /bin/sh;
			shellScript = "\"${SRCROOT}/Pods/Target Support Files/Pods-Marvel/Pods-Marvel-resources.sh\"\n";
			showEnvVarsInLog = 0;
		};
/* End PBXShellScriptBuildPhase section */

/* Begin PBXSourcesBuildPhase section */
		920415751D7302E000CA249C /* Sources */ = {
			isa = PBXSourcesBuildPhase;
			buildActionMask = 2147483647;
			files = (
				9231EBC51EB8727F0027BCF1 /* MockLoader.swift in Sources */,
				920415841D73030B00CA249C /* CharacterModelTests.swift in Sources */,
				9232A1441D7F1C4B0091157D /* CharacterDataSourceTests.swift in Sources */,
				9232A1391D7DC8F20091157D /* CharactersTableViewControllerTests.swift in Sources */,
				9232A13F1D7EEFBE0091157D /* ThumbnailModelSpec.swift in Sources */,
				9232A1421D7F11470091157D /* CharacterDataSourceSpec.swift in Sources */,
			);
			runOnlyForDeploymentPostprocessing = 0;
		};
		9236549F1D6C392D005095D5 /* Sources */ = {
			isa = PBXSourcesBuildPhase;
			buildActionMask = 2147483647;
			files = (
				9232A1341D7D549A0091157D /* CharacterDataSource.swift in Sources */,
				9231EBD61EB87CFC0027BCF1 /* Scene+ViewController.swift in Sources */,
				92E09BCF1D6C56D10079897F /* NSDate+Extensions.swift in Sources */,
				92F04E661EBCE6D2003D550A /* CharactersDataController.swift in Sources */,
				92E09BE21D6CB8DB0079897F /* UrlModel.swift in Sources */,
				9231EBD71EB87CFC0027BCF1 /* SceneCoordinator.swift in Sources */,
				92F04E6D1EBCE6E5003D550A /* SourceType.swift in Sources */,
				92F04E6B1EBCE6E5003D550A /* DataSource.swift in Sources */,
				9231EBCE1EB87B540027BCF1 /* AppColors.swift in Sources */,
				92E09BE41D6DB3FD0079897F /* ListCharacterModel.swift in Sources */,
				92E09BDA1D6CA8C30079897F /* CharacterModel.swift in Sources */,
				92E09BD71D6C59780079897F /* ApiService.swift in Sources */,
				9231EBE61EB9CA1F0027BCF1 /* ViewConfiguration.swift in Sources */,
				92E09BDC1D6CA9DD0079897F /* ThumbnailModel.swift in Sources */,
				92F04E6C1EBCE6E5003D550A /* DataType.swift in Sources */,
				9232A1361D7D55010091157D /* CharacterDataType.swift in Sources */,
				92E09BCC1D6C53E80079897F /* ApiRouter.swift in Sources */,
				9231EBCC1EB87B370027BCF1 /* UIColor+Extensions.swift in Sources */,
				9231EBE11EB8956D0027BCF1 /* UINavigationController+Rx.swift in Sources */,
				9231EBD91EB87CFC0027BCF1 /* SceneTransitionType.swift in Sources */,
				92F04E611EBCE6A8003D550A /* AppConstants.swift in Sources */,
				92E09BDE1D6CAC250079897F /* ItemModel.swift in Sources */,
				9231EBE41EB9C80C0027BCF1 /* CellTableImpl.swift in Sources */,
				92F04E631EBCE6BC003D550A /* CharactersTableViewController.swift in Sources */,
				92F04E6F1EBCE70C003D550A /* CharactersViewModel.swift in Sources */,
				9231EBF31EB9EA2B0027BCF1 /* UIView+Extensions.swift in Sources */,
				9231EBDD1EB893930027BCF1 /* UITableView+Extensions.swift in Sources */,
				9231EBF11EB9DC330027BCF1 /* PersistenceManagerType.swift in Sources */,
				9231EBE81EB9D2C60027BCF1 /* ApiServiceType.swift in Sources */,
				9231EBD81EB87CFC0027BCF1 /* SceneCoordinatorType.swift in Sources */,
				92E09BD11D6C56ED0079897F /* NSString+Extensions.swift in Sources */,
				9231EBCA1EB87AAB0027BCF1 /* AppAppearance.swift in Sources */,
				9231EBC81EB878FD0027BCF1 /* Utils.swift in Sources */,
				92E09BE81D6F561E0079897F /* CharacterCell.swift in Sources */,
				92F04E671EBCE6D2003D550A /* CharactersDataControllerType.swift in Sources */,
				9229158E1D9827E900714F2C /* PersistenceManager.swift in Sources */,
				92E09BE01D6CAD2D0079897F /* ListModel.swift in Sources */,
				9231EBDF1EB893D20027BCF1 /* NSObject+Extensions.swift in Sources */,
				923654A71D6C392D005095D5 /* AppDelegate.swift in Sources */,
				9231EBD51EB87CFC0027BCF1 /* Scene.swift in Sources */,
			);
			runOnlyForDeploymentPostprocessing = 0;
		};
/* End PBXSourcesBuildPhase section */

/* Begin PBXTargetDependency section */
		9204157F1D7302E000CA249C /* PBXTargetDependency */ = {
			isa = PBXTargetDependency;
			target = 923654A21D6C392D005095D5 /* Marvel */;
			targetProxy = 9204157E1D7302E000CA249C /* PBXContainerItemProxy */;
		};
/* End PBXTargetDependency section */

/* Begin XCBuildConfiguration section */
		920415801D7302E000CA249C /* Debug */ = {
			isa = XCBuildConfiguration;
			baseConfigurationReference = 391B14098BAD7182DE9F04C9 /* Pods-MarvelTests.debug.xcconfig */;
			buildSettings = {
				BUNDLE_LOADER = "$(TEST_HOST)";
				DEVELOPMENT_TEAM = "";
				INFOPLIST_FILE = MarvelTests/Info.plist;
				IPHONEOS_DEPLOYMENT_TARGET = 9.3;
				LD_RUNPATH_SEARCH_PATHS = "$(inherited) @executable_path/Frameworks @loader_path/Frameworks";
				PRODUCT_BUNDLE_IDENTIFIER = com.albertarroyo.MarvelTests;
				PRODUCT_NAME = "$(TARGET_NAME)";
				SWIFT_VERSION = 3.0;
				TEST_HOST = "$(BUILT_PRODUCTS_DIR)/Marvel.app/Marvel";
			};
			name = Debug;
		};
		920415811D7302E000CA249C /* Release */ = {
			isa = XCBuildConfiguration;
			baseConfigurationReference = 520B53DF6A3AA51F45CFAEFA /* Pods-MarvelTests.release.xcconfig */;
			buildSettings = {
				BUNDLE_LOADER = "$(TEST_HOST)";
				DEVELOPMENT_TEAM = "";
				INFOPLIST_FILE = MarvelTests/Info.plist;
				IPHONEOS_DEPLOYMENT_TARGET = 9.3;
				LD_RUNPATH_SEARCH_PATHS = "$(inherited) @executable_path/Frameworks @loader_path/Frameworks";
				PRODUCT_BUNDLE_IDENTIFIER = com.albertarroyo.MarvelTests;
				PRODUCT_NAME = "$(TARGET_NAME)";
				SWIFT_VERSION = 3.0;
				TEST_HOST = "$(BUILT_PRODUCTS_DIR)/Marvel.app/Marvel";
			};
			name = Release;
		};
		923654B31D6C392D005095D5 /* Debug */ = {
			isa = XCBuildConfiguration;
			buildSettings = {
				ALWAYS_SEARCH_USER_PATHS = NO;
				CLANG_ANALYZER_NONNULL = YES;
				CLANG_CXX_LANGUAGE_STANDARD = "gnu++0x";
				CLANG_CXX_LIBRARY = "libc++";
				CLANG_ENABLE_MODULES = YES;
				CLANG_ENABLE_OBJC_ARC = YES;
				CLANG_WARN_BOOL_CONVERSION = YES;
				CLANG_WARN_CONSTANT_CONVERSION = YES;
				CLANG_WARN_DIRECT_OBJC_ISA_USAGE = YES_ERROR;
				CLANG_WARN_DOCUMENTATION_COMMENTS = YES;
				CLANG_WARN_EMPTY_BODY = YES;
				CLANG_WARN_ENUM_CONVERSION = YES;
				CLANG_WARN_INFINITE_RECURSION = YES;
				CLANG_WARN_INT_CONVERSION = YES;
				CLANG_WARN_OBJC_ROOT_CLASS = YES_ERROR;
				CLANG_WARN_SUSPICIOUS_MOVE = YES;
				CLANG_WARN_SUSPICIOUS_MOVES = YES;
				CLANG_WARN_UNREACHABLE_CODE = YES;
				CLANG_WARN__DUPLICATE_METHOD_MATCH = YES;
				"CODE_SIGN_IDENTITY[sdk=iphoneos*]" = "iPhone Developer";
				COPY_PHASE_STRIP = NO;
				DEBUG_INFORMATION_FORMAT = dwarf;
				ENABLE_STRICT_OBJC_MSGSEND = YES;
				ENABLE_TESTABILITY = YES;
				GCC_C_LANGUAGE_STANDARD = gnu99;
				GCC_DYNAMIC_NO_PIC = NO;
				GCC_NO_COMMON_BLOCKS = YES;
				GCC_OPTIMIZATION_LEVEL = 0;
				GCC_PREPROCESSOR_DEFINITIONS = (
					"DEBUG=1",
					"$(inherited)",
				);
				GCC_WARN_64_TO_32_BIT_CONVERSION = YES;
				GCC_WARN_ABOUT_RETURN_TYPE = YES_ERROR;
				GCC_WARN_UNDECLARED_SELECTOR = YES;
				GCC_WARN_UNINITIALIZED_AUTOS = YES_AGGRESSIVE;
				GCC_WARN_UNUSED_FUNCTION = YES;
				GCC_WARN_UNUSED_VARIABLE = YES;
				IPHONEOS_DEPLOYMENT_TARGET = 10.0;
				MTL_ENABLE_DEBUG_INFO = YES;
				ONLY_ACTIVE_ARCH = YES;
				SDKROOT = iphoneos;
				SWIFT_ACTIVE_COMPILATION_CONDITIONS = DEBUG;
				SWIFT_OPTIMIZATION_LEVEL = "-Onone";
				TARGETED_DEVICE_FAMILY = "1,2";
			};
			name = Debug;
		};
		923654B41D6C392D005095D5 /* Release */ = {
			isa = XCBuildConfiguration;
			buildSettings = {
				ALWAYS_SEARCH_USER_PATHS = NO;
				CLANG_ANALYZER_NONNULL = YES;
				CLANG_CXX_LANGUAGE_STANDARD = "gnu++0x";
				CLANG_CXX_LIBRARY = "libc++";
				CLANG_ENABLE_MODULES = YES;
				CLANG_ENABLE_OBJC_ARC = YES;
				CLANG_WARN_BOOL_CONVERSION = YES;
				CLANG_WARN_CONSTANT_CONVERSION = YES;
				CLANG_WARN_DIRECT_OBJC_ISA_USAGE = YES_ERROR;
				CLANG_WARN_DOCUMENTATION_COMMENTS = YES;
				CLANG_WARN_EMPTY_BODY = YES;
				CLANG_WARN_ENUM_CONVERSION = YES;
				CLANG_WARN_INFINITE_RECURSION = YES;
				CLANG_WARN_INT_CONVERSION = YES;
				CLANG_WARN_OBJC_ROOT_CLASS = YES_ERROR;
				CLANG_WARN_SUSPICIOUS_MOVE = YES;
				CLANG_WARN_SUSPICIOUS_MOVES = YES;
				CLANG_WARN_UNREACHABLE_CODE = YES;
				CLANG_WARN__DUPLICATE_METHOD_MATCH = YES;
				"CODE_SIGN_IDENTITY[sdk=iphoneos*]" = "iPhone Developer";
				COPY_PHASE_STRIP = NO;
				DEBUG_INFORMATION_FORMAT = "dwarf-with-dsym";
				ENABLE_NS_ASSERTIONS = NO;
				ENABLE_STRICT_OBJC_MSGSEND = YES;
				GCC_C_LANGUAGE_STANDARD = gnu99;
				GCC_NO_COMMON_BLOCKS = YES;
				GCC_WARN_64_TO_32_BIT_CONVERSION = YES;
				GCC_WARN_ABOUT_RETURN_TYPE = YES_ERROR;
				GCC_WARN_UNDECLARED_SELECTOR = YES;
				GCC_WARN_UNINITIALIZED_AUTOS = YES_AGGRESSIVE;
				GCC_WARN_UNUSED_FUNCTION = YES;
				GCC_WARN_UNUSED_VARIABLE = YES;
				IPHONEOS_DEPLOYMENT_TARGET = 10.0;
				MTL_ENABLE_DEBUG_INFO = NO;
				SDKROOT = iphoneos;
				SWIFT_OPTIMIZATION_LEVEL = "-Owholemodule";
				TARGETED_DEVICE_FAMILY = "1,2";
				VALIDATE_PRODUCT = YES;
			};
			name = Release;
		};
		923654B61D6C392D005095D5 /* Debug */ = {
			isa = XCBuildConfiguration;
			baseConfigurationReference = 1B001209E484A7109A89D546 /* Pods-Marvel.debug.xcconfig */;
			buildSettings = {
				ASSETCATALOG_COMPILER_APPICON_NAME = AppIcon;
				CLANG_ENABLE_MODULES = YES;
				DEVELOPMENT_TEAM = "";
				INFOPLIST_FILE = "$(SRCROOT)/Marvel/Supporting Files/Info.plist";
				IPHONEOS_DEPLOYMENT_TARGET = 9.0;
				LD_RUNPATH_SEARCH_PATHS = "$(inherited) @executable_path/Frameworks";
				OTHER_SWIFT_FLAGS = "$(inherited) \"-D\" \"COCOAPODS\"";
				PRODUCT_BUNDLE_IDENTIFIER = com.albertarroyo.Marvel;
				PRODUCT_NAME = "$(TARGET_NAME)";
				SWIFT_OBJC_BRIDGING_HEADER = "Marvel/Supporting Files/Marvel-Bridging-Header.h";
				SWIFT_OPTIMIZATION_LEVEL = "-Onone";
				SWIFT_VERSION = 3.0;
			};
			name = Debug;
		};
		923654B71D6C392D005095D5 /* Release */ = {
			isa = XCBuildConfiguration;
			baseConfigurationReference = DBBAE497C85362D6887F4F1C /* Pods-Marvel.release.xcconfig */;
			buildSettings = {
				ASSETCATALOG_COMPILER_APPICON_NAME = AppIcon;
				CLANG_ENABLE_MODULES = YES;
				DEVELOPMENT_TEAM = "";
				INFOPLIST_FILE = "$(SRCROOT)/Marvel/Supporting Files/Info.plist";
				IPHONEOS_DEPLOYMENT_TARGET = 9.0;
				LD_RUNPATH_SEARCH_PATHS = "$(inherited) @executable_path/Frameworks";
				PRODUCT_BUNDLE_IDENTIFIER = com.albertarroyo.Marvel;
				PRODUCT_NAME = "$(TARGET_NAME)";
				SWIFT_OBJC_BRIDGING_HEADER = "Marvel/Supporting Files/Marvel-Bridging-Header.h";
				SWIFT_VERSION = 3.0;
			};
			name = Release;
		};
/* End XCBuildConfiguration section */

/* Begin XCConfigurationList section */
		920415821D7302E000CA249C /* Build configuration list for PBXNativeTarget "MarvelTests" */ = {
			isa = XCConfigurationList;
			buildConfigurations = (
				920415801D7302E000CA249C /* Debug */,
				920415811D7302E000CA249C /* Release */,
			);
			defaultConfigurationIsVisible = 0;
			defaultConfigurationName = Release;
		};
		9236549E1D6C392D005095D5 /* Build configuration list for PBXProject "Marvel" */ = {
			isa = XCConfigurationList;
			buildConfigurations = (
				923654B31D6C392D005095D5 /* Debug */,
				923654B41D6C392D005095D5 /* Release */,
			);
			defaultConfigurationIsVisible = 0;
			defaultConfigurationName = Release;
		};
		923654B51D6C392D005095D5 /* Build configuration list for PBXNativeTarget "Marvel" */ = {
			isa = XCConfigurationList;
			buildConfigurations = (
				923654B61D6C392D005095D5 /* Debug */,
				923654B71D6C392D005095D5 /* Release */,
			);
			defaultConfigurationIsVisible = 0;
			defaultConfigurationName = Release;
		};
/* End XCConfigurationList section */
	};
	rootObject = 9236549B1D6C392D005095D5 /* Project object */;
}
